{
  "name": "primeiro-projeto-angular",
  "lockfileVersion": 3,
  "requires": true,
  "packages": {
    "": {
      "devDependencies": {
        "@angular/language-service": "^19.2.10",
        "typescript": "^5.8.3"
      }
    },
    "node_modules/@angular/language-service": {
      "version": "19.2.10",
      "resolved": "https://registry.npmjs.org/@angular/language-service/-/language-service-19.2.10.tgz",
      "integrity": "sha512-j2acOAgVk6GVJ5dJcC6JZ3hUukO+oiDPis6WvHTyODhPYofvxbiAzRUqdHARX+uCQRwJbivQiGc1kD0OWNNOFg==",
      "dev": true,
      "license": "MIT",
      "engines": {
        "node": "^18.19.1 || ^20.11.1 || >=22.0.0"
      }
    },
    "node_modules/typescript": {
      "version": "5.8.3",
      "resolved": "https://registry.npmjs.org/typescript/-/typescript-5.8.3.tgz",
      "integrity": "sha512-p1diW6TqL9L07nNxvRMM7hMMw4c5XOo/1ibL4aAIGmSAt9slTE1Xgw5KWuof2uTOvCg9BY7ZRi+GaF+7sfgPeQ==",
      "dev": true,
      "license": "Apache-2.0",
      "bin": {
        "tsc": "bin/tsc",
        "tsserver": "bin/tsserver"
      },
      "engines": {
        "node": ">=14.17"
      }
    }
  }
}
